// !$*UTF8*$!
{
	archiveVersion = 1;
	classes = {
	};
	objectVersion = 46;
	objects = {

/* Begin PBXBuildFile section */
		41150BD41D8AEDE300B3FCAE /* main.m in Sources */ = {isa = PBXBuildFile; fileRef = 41150BD31D8AEDE300B3FCAE /* main.m */; };
		41150BD71D8AEDE300B3FCAE /* AppDelegate.m in Sources */ = {isa = PBXBuildFile; fileRef = 41150BD61D8AEDE300B3FCAE /* AppDelegate.m */; };
		41150BDA1D8AEDE300B3FCAE /* ViewController.m in Sources */ = {isa = PBXBuildFile; fileRef = 41150BD91D8AEDE300B3FCAE /* ViewController.m */; };
		41150BDD1D8AEDE300B3FCAE /* Main.storyboard in Resources */ = {isa = PBXBuildFile; fileRef = 41150BDB1D8AEDE300B3FCAE /* Main.storyboard */; };
		41150BDF1D8AEDE300B3FCAE /* Assets.xcassets in Resources */ = {isa = PBXBuildFile; fileRef = 41150BDE1D8AEDE300B3FCAE /* Assets.xcassets */; };
		41150BE21D8AEDE300B3FCAE /* LaunchScreen.storyboard in Resources */ = {isa = PBXBuildFile; fileRef = 41150BE01D8AEDE300B3FCAE /* LaunchScreen.storyboard */; };
		41150BED1D8AEDE300B3FCAE /* IndexDemoTests.m in Sources */ = {isa = PBXBuildFile; fileRef = 41150BEC1D8AEDE300B3FCAE /* IndexDemoTests.m */; };
		41150BF81D8AEDE300B3FCAE /* IndexDemoUITests.m in Sources */ = {isa = PBXBuildFile; fileRef = 41150BF71D8AEDE300B3FCAE /* IndexDemoUITests.m */; };
		41150C101D8B006E00B3FCAE /* MBProgressHUD.m in Sources */ = {isa = PBXBuildFile; fileRef = 41150C0F1D8B006E00B3FCAE /* MBProgressHUD.m */; };
		41150C121D8B019600B3FCAE /* citydict.plist in Resources */ = {isa = PBXBuildFile; fileRef = 41150C111D8B019600B3FCAE /* citydict.plist */; };
/* End PBXBuildFile section */

/* Begin PBXContainerItemProxy section */
		41150BE91D8AEDE300B3FCAE /* PBXContainerItemProxy */ = {
			isa = PBXContainerItemProxy;
			containerPortal = 41150BC71D8AEDE300B3FCAE /* Project object */;
			proxyType = 1;
			remoteGlobalIDString = 41150BCE1D8AEDE300B3FCAE;
			remoteInfo = IndexDemo;
		};
		41150BF41D8AEDE300B3FCAE /* PBXContainerItemProxy */ = {
			isa = PBXContainerItemProxy;
			containerPortal = 41150BC71D8AEDE300B3FCAE /* Project object */;
			proxyType = 1;
			remoteGlobalIDString = 41150BCE1D8AEDE300B3FCAE;
			remoteInfo = IndexDemo;
		};
/* End PBXContainerItemProxy section */

/* Begin PBXFileReference section */
		41150BCF1D8AEDE300B3FCAE /* IndexDemo.app */ = {isa = PBXFileReference; explicitFileType = wrapper.application; includeInIndex = 0; path = IndexDemo.app; sourceTree = BUILT_PRODUCTS_DIR; };
		41150BD31D8AEDE300B3FCAE /* main.m */ = {isa = PBXFileReference; lastKnownFileType = sourcecode.c.objc; path = main.m; sourceTree = "<group>"; };
		41150BD51D8AEDE300B3FCAE /* AppDelegate.h */ = {isa = PBXFileReference; lastKnownFileType = sourcecode.c.h; path = AppDelegate.h; sourceTree = "<group>"; };
		41150BD61D8AEDE300B3FCAE /* AppDelegate.m */ = {isa = PBXFileReference; lastKnownFileType = sourcecode.c.objc; path = AppDelegate.m; sourceTree = "<group>"; };
		41150BD81D8AEDE300B3FCAE /* ViewController.h */ = {isa = PBXFileReference; lastKnownFileType = sourcecode.c.h; path = ViewController.h; sourceTree = "<group>"; };
		41150BD91D8AEDE300B3FCAE /* ViewController.m */ = {isa = PBXFileReference; lastKnownFileType = sourcecode.c.objc; path = ViewController.m; sourceTree = "<group>"; };
		41150BDC1D8AEDE300B3FCAE /* Base */ = {isa = PBXFileReference; lastKnownFileType = file.storyboard; name = Base; path = Base.lproj/Main.storyboard; sourceTree = "<group>"; };
		41150BDE1D8AEDE300B3FCAE /* Assets.xcassets */ = {isa = PBXFileReference; lastKnownFileType = folder.assetcatalog; path = Assets.xcassets; sourceTree = "<group>"; };
		41150BE11D8AEDE300B3FCAE /* Base */ = {isa = PBXFileReference; lastKnownFileType = file.storyboard; name = Base; path = Base.lproj/LaunchScreen.storyboard; sourceTree = "<group>"; };
		41150BE31D8AEDE300B3FCAE /* Info.plist */ = {isa = PBXFileReference; lastKnownFileType = text.plist.xml; path = Info.plist; sourceTree = "<group>"; };
		41150BE81D8AEDE300B3FCAE /* IndexDemoTests.xctest */ = {isa = PBXFileReference; explicitFileType = wrapper.cfbundle; includeInIndex = 0; path = IndexDemoTests.xctest; sourceTree = BUILT_PRODUCTS_DIR; };
		41150BEC1D8AEDE300B3FCAE /* IndexDemoTests.m */ = {isa = PBXFileReference; lastKnownFileType = sourcecode.c.objc; path = IndexDemoTests.m; sourceTree = "<group>"; };
		41150BEE1D8AEDE300B3FCAE /* Info.plist */ = {isa = PBXFileReference; lastKnownFileType = text.plist.xml; path = Info.plist; sourceTree = "<group>"; };
		41150BF31D8AEDE300B3FCAE /* IndexDemoUITests.xctest */ = {isa = PBXFileReference; explicitFileType = wrapper.cfbundle; includeInIndex = 0; path = IndexDemoUITests.xctest; sourceTree = BUILT_PRODUCTS_DIR; };
		41150BF71D8AEDE300B3FCAE /* IndexDemoUITests.m */ = {isa = PBXFileReference; lastKnownFileType = sourcecode.c.objc; path = IndexDemoUITests.m; sourceTree = "<group>"; };
		41150BF91D8AEDE300B3FCAE /* Info.plist */ = {isa = PBXFileReference; lastKnownFileType = text.plist.xml; path = Info.plist; sourceTree = "<group>"; };
		41150C0E1D8B006E00B3FCAE /* MBProgressHUD.h */ = {isa = PBXFileReference; fileEncoding = 4; lastKnownFileType = sourcecode.c.h; path = MBProgressHUD.h; sourceTree = "<group>"; };
		41150C0F1D8B006E00B3FCAE /* MBProgressHUD.m */ = {isa = PBXFileReference; fileEncoding = 4; lastKnownFileType = sourcecode.c.objc; path = MBProgressHUD.m; sourceTree = "<group>"; };
		41150C111D8B019600B3FCAE /* citydict.plist */ = {isa = PBXFileReference; fileEncoding = 4; lastKnownFileType = text.plist.xml; path = citydict.plist; sourceTree = "<group>"; };
/* End PBXFileReference section */

/* Begin PBXFrameworksBuildPhase section */
		41150BCC1D8AEDE300B3FCAE /* Frameworks */ = {
			isa = PBXFrameworksBuildPhase;
			buildActionMask = 2147483647;
			files = (
			);
			runOnlyForDeploymentPostprocessing = 0;
		};
		41150BE51D8AEDE300B3FCAE /* Frameworks */ = {
			isa = PBXFrameworksBuildPhase;
			buildActionMask = 2147483647;
			files = (
			);
			runOnlyForDeploymentPostprocessing = 0;
		};
		41150BF01D8AEDE300B3FCAE /* Frameworks */ = {
			isa = PBXFrameworksBuildPhase;
			buildActionMask = 2147483647;
			files = (
			);
			runOnlyForDeploymentPostprocessing = 0;
		};
/* End PBXFrameworksBuildPhase section */

/* Begin PBXGroup section */
		41150BC61D8AEDE300B3FCAE = {
			isa = PBXGroup;
			children = (
				41150BD11D8AEDE300B3FCAE /* IndexDemo */,
				41150BEB1D8AEDE300B3FCAE /* IndexDemoTests */,
				41150BF61D8AEDE300B3FCAE /* IndexDemoUITests */,
				41150BD01D8AEDE300B3FCAE /* Products */,
			);
			sourceTree = "<group>";
		};
		41150BD01D8AEDE300B3FCAE /* Products */ = {
			isa = PBXGroup;
			children = (
				41150BCF1D8AEDE300B3FCAE /* IndexDemo.app */,
				41150BE81D8AEDE300B3FCAE /* IndexDemoTests.xctest */,
				41150BF31D8AEDE300B3FCAE /* IndexDemoUITests.xctest */,
			);
			name = Products;
			sourceTree = "<group>";
		};
		41150BD11D8AEDE300B3FCAE /* IndexDemo */ = {
			isa = PBXGroup;
			children = (
				41150C111D8B019600B3FCAE /* citydict.plist */,
				41150C0D1D8B006E00B3FCAE /* MBProgressHUD */,
				41150BD51D8AEDE300B3FCAE /* AppDelegate.h */,
				41150BD61D8AEDE300B3FCAE /* AppDelegate.m */,
				41150BD81D8AEDE300B3FCAE /* ViewController.h */,
				41150BD91D8AEDE300B3FCAE /* ViewController.m */,
				41150BDB1D8AEDE300B3FCAE /* Main.storyboard */,
				41150BDE1D8AEDE300B3FCAE /* Assets.xcassets */,
				41150BE01D8AEDE300B3FCAE /* LaunchScreen.storyboard */,
				41150BE31D8AEDE300B3FCAE /* Info.plist */,
				41150BD21D8AEDE300B3FCAE /* Supporting Files */,
			);
			path = IndexDemo;
			sourceTree = "<group>";
		};
		41150BD21D8AEDE300B3FCAE /* Supporting Files */ = {
			isa = PBXGroup;
			children = (
				41150BD31D8AEDE300B3FCAE /* main.m */,
			);
			name = "Supporting Files";
			sourceTree = "<group>";
		};
		41150BEB1D8AEDE300B3FCAE /* IndexDemoTests */ = {
			isa = PBXGroup;
			children = (
				41150BEC1D8AEDE300B3FCAE /* IndexDemoTests.m */,
				41150BEE1D8AEDE300B3FCAE /* Info.plist */,
			);
			path = IndexDemoTests;
			sourceTree = "<group>";
		};
		41150BF61D8AEDE300B3FCAE /* IndexDemoUITests */ = {
			isa = PBXGroup;
			children = (
				41150BF71D8AEDE300B3FCAE /* IndexDemoUITests.m */,
				41150BF91D8AEDE300B3FCAE /* Info.plist */,
			);
			path = IndexDemoUITests;
			sourceTree = "<group>";
		};
		41150C0D1D8B006E00B3FCAE /* MBProgressHUD */ = {
			isa = PBXGroup;
			children = (
				41150C0E1D8B006E00B3FCAE /* MBProgressHUD.h */,
				41150C0F1D8B006E00B3FCAE /* MBProgressHUD.m */,
			);
			path = MBProgressHUD;
			sourceTree = "<group>";
		};
/* End PBXGroup section */

/* Begin PBXNativeTarget section */
		41150BCE1D8AEDE300B3FCAE /* IndexDemo */ = {
			isa = PBXNativeTarget;
			buildConfigurationList = 41150BFC1D8AEDE300B3FCAE /* Build configuration list for PBXNativeTarget "IndexDemo" */;
			buildPhases = (
				41150BCB1D8AEDE300B3FCAE /* Sources */,
				41150BCC1D8AEDE300B3FCAE /* Frameworks */,
				41150BCD1D8AEDE300B3FCAE /* Resources */,
			);
			buildRules = (
			);
			dependencies = (
			);
			name = IndexDemo;
			productName = IndexDemo;
			productReference = 41150BCF1D8AEDE300B3FCAE /* IndexDemo.app */;
			productType = "com.apple.product-type.application";
		};
		41150BE71D8AEDE300B3FCAE /* IndexDemoTests */ = {
			isa = PBXNativeTarget;
			buildConfigurationList = 41150BFF1D8AEDE300B3FCAE /* Build configuration list for PBXNativeTarget "IndexDemoTests" */;
			buildPhases = (
				41150BE41D8AEDE300B3FCAE /* Sources */,
				41150BE51D8AEDE300B3FCAE /* Frameworks */,
				41150BE61D8AEDE300B3FCAE /* Resources */,
			);
			buildRules = (
			);
			dependencies = (
				41150BEA1D8AEDE300B3FCAE /* PBXTargetDependency */,
			);
			name = IndexDemoTests;
			productName = IndexDemoTests;
			productReference = 41150BE81D8AEDE300B3FCAE /* IndexDemoTests.xctest */;
			productType = "com.apple.product-type.bundle.unit-test";
		};
		41150BF21D8AEDE300B3FCAE /* IndexDemoUITests */ = {
			isa = PBXNativeTarget;
			buildConfigurationList = 41150C021D8AEDE300B3FCAE /* Build configuration list for PBXNativeTarget "IndexDemoUITests" */;
			buildPhases = (
				41150BEF1D8AEDE300B3FCAE /* Sources */,
				41150BF01D8AEDE300B3FCAE /* Frameworks */,
				41150BF11D8AEDE300B3FCAE /* Resources */,
			);
			buildRules = (
			);
			dependencies = (
				41150BF51D8AEDE300B3FCAE /* PBXTargetDependency */,
			);
			name = IndexDemoUITests;
			productName = IndexDemoUITests;
			productReference = 41150BF31D8AEDE300B3FCAE /* IndexDemoUITests.xctest */;
			productType = "com.apple.product-type.bundle.ui-testing";
		};
/* End PBXNativeTarget section */

/* Begin PBXProject section */
		41150BC71D8AEDE300B3FCAE /* Project object */ = {
			isa = PBXProject;
			attributes = {
				LastUpgradeCheck = 0730;
				ORGANIZATIONNAME = "陈绪混";
				TargetAttributes = {
					41150BCE1D8AEDE300B3FCAE = {
						CreatedOnToolsVersion = 7.3.1;
					};
					41150BE71D8AEDE300B3FCAE = {
						CreatedOnToolsVersion = 7.3.1;
						TestTargetID = 41150BCE1D8AEDE300B3FCAE;
					};
					41150BF21D8AEDE300B3FCAE = {
						CreatedOnToolsVersion = 7.3.1;
						TestTargetID = 41150BCE1D8AEDE300B3FCAE;
					};
				};
			};
			buildConfigurationList = 41150BCA1D8AEDE300B3FCAE /* Build configuration list for PBXProject "IndexDemo" */;
			compatibilityVersion = "Xcode 3.2";
			developmentRegion = English;
			hasScannedForEncodings = 0;
			knownRegions = (
				en,
				Base,
			);
			mainGroup = 41150BC61D8AEDE300B3FCAE;
			productRefGroup = 41150BD01D8AEDE300B3FCAE /* Products */;
			projectDirPath = "";
			projectRoot = "";
			targets = (
				41150BCE1D8AEDE300B3FCAE /* IndexDemo */,
				41150BE71D8AEDE300B3FCAE /* IndexDemoTests */,
				41150BF21D8AEDE300B3FCAE /* IndexDemoUITests */,
			);
		};
/* End PBXProject section */

/* Begin PBXResourcesBuildPhase section */
		41150BCD1D8AEDE300B3FCAE /* Resources */ = {
			isa = PBXResourcesBuildPhase;
			buildActionMask = 2147483647;
			files = (
				41150BE21D8AEDE300B3FCAE /* LaunchScreen.storyboard in Resources */,
				41150C121D8B019600B3FCAE /* citydict.plist in Resources */,
				41150BDF1D8AEDE300B3FCAE /* Assets.xcassets in Resources */,
				41150BDD1D8AEDE300B3FCAE /* Main.storyboard in Resources */,
			);
			runOnlyForDeploymentPostprocessing = 0;
		};
		41150BE61D8AEDE300B3FCAE /* Resources */ = {
			isa = PBXResourcesBuildPhase;
			buildActionMask = 2147483647;
			files = (
			);
			runOnlyForDeploymentPostprocessing = 0;
		};
		41150BF11D8AEDE300B3FCAE /* Resources */ = {
			isa = PBXResourcesBuildPhase;
			buildActionMask = 2147483647;
			files = (
			);
			runOnlyForDeploymentPostprocessing = 0;
		};
/* End PBXResourcesBuildPhase section */

/* Begin PBXSourcesBuildPhase section */
		41150BCB1D8AEDE300B3FCAE /* Sources */ = {
			isa = PBXSourcesBuildPhase;
			buildActionMask = 2147483647;
			files = (
				41150BDA1D8AEDE300B3FCAE /* ViewController.m in Sources */,
				41150BD71D8AEDE300B3FCAE /* AppDelegate.m in Sources */,
				41150C101D8B006E00B3FCAE /* MBProgressHUD.m in Sources */,
				41150BD41D8AEDE300B3FCAE /* main.m in Sources */,
			);
			runOnlyForDeploymentPostprocessing = 0;
		};
		41150BE41D8AEDE300B3FCAE /* Sources */ = {
			isa = PBXSourcesBuildPhase;
			buildActionMask = 2147483647;
			files = (
				41150BED1D8AEDE300B3FCAE /* IndexDemoTests.m in Sources */,
			);
			runOnlyForDeploymentPostprocessing = 0;
		};
		41150BEF1D8AEDE300B3FCAE /* Sources */ = {
			isa = PBXSourcesBuildPhase;
			buildActionMask = 2147483647;
			files = (
				41150BF81D8AEDE300B3FCAE /* IndexDemoUITests.m in Sources */,
			);
			runOnlyForDeploymentPostprocessing = 0;
		};
/* End PBXSourcesBuildPhase section */

/* Begin PBXTargetDependency section */
		41150BEA1D8AEDE300B3FCAE /* PBXTargetDependency */ = {
			isa = PBXTargetDependency;
			target = 41150BCE1D8AEDE300B3FCAE /* IndexDemo */;
			targetProxy = 41150BE91D8AEDE300B3FCAE /* PBXContainerItemProxy */;
		};
		41150BF51D8AEDE300B3FCAE /* PBXTargetDependency */ = {
			isa = PBXTargetDependency;
			target = 41150BCE1D8AEDE300B3FCAE /* IndexDemo */;
			targetProxy = 41150BF41D8AEDE300B3FCAE /* PBXContainerItemProxy */;
		};
/* End PBXTargetDependency section */

/* Begin PBXVariantGroup section */
		41150BDB1D8AEDE300B3FCAE /* Main.storyboard */ = {
			isa = PBXVariantGroup;
			children = (
				41150BDC1D8AEDE300B3FCAE /* Base */,
			);
			name = Main.storyboard;
			sourceTree = "<group>";
		};
		41150BE01D8AEDE300B3FCAE /* LaunchScreen.storyboard */ = {
			isa = PBXVariantGroup;
			children = (
				41150BE11D8AEDE300B3FCAE /* Base */,
			);
			name = LaunchScreen.storyboard;
			sourceTree = "<group>";
		};
/* End PBXVariantGroup section */

/* Begin XCBuildConfiguration section */
		41150BFA1D8AEDE300B3FCAE /* Debug */ = {
			isa = XCBuildConfiguration;
			buildSettings = {
				ALWAYS_SEARCH_USER_PATHS = NO;
				CLANG_ANALYZER_NONNULL = YES;
				CLANG_CXX_LANGUAGE_STANDARD = "gnu++0x";
				CLANG_CXX_LIBRARY = "libc++";
				CLANG_ENABLE_MODULES = YES;
				CLANG_ENABLE_OBJC_ARC = YES;
				CLANG_WARN_BOOL_CONVERSION = YES;
				CLANG_WARN_CONSTANT_CONVERSION = YES;
				CLANG_WARN_DIRECT_OBJC_ISA_USAGE = YES_ERROR;
				CLANG_WARN_EMPTY_BODY = YES;
				CLANG_WARN_ENUM_CONVERSION = YES;
				CLANG_WARN_INT_CONVERSION = YES;
				CLANG_WARN_OBJC_ROOT_CLASS = YES_ERROR;
				CLANG_WARN_UNREACHABLE_CODE = YES;
				CLANG_WARN__DUPLICATE_METHOD_MATCH = YES;
				"CODE_SIGN_IDENTITY[sdk=iphoneos*]" = "iPhone Developer";
				COPY_PHASE_STRIP = NO;
				DEBUG_INFORMATION_FORMAT = dwarf;
				ENABLE_STRICT_OBJC_MSGSEND = YES;
				ENABLE_TESTABILITY = YES;
				GCC_C_LANGUAGE_STANDARD = gnu99;
				GCC_DYNAMIC_NO_PIC = NO;
				GCC_NO_COMMON_BLOCKS = YES;
				GCC_OPTIMIZATION_LEVEL = 0;
				GCC_PREPROCESSOR_DEFINITIONS = (
					"DEBUG=1",
					"$(inherited)",
				);
				GCC_WARN_64_TO_32_BIT_CONVERSION = YES;
				GCC_WARN_ABOUT_RETURN_TYPE = YES_ERROR;
				GCC_WARN_UNDECLARED_SELECTOR = YES;
				GCC_WARN_UNINITIALIZED_AUTOS = YES_AGGRESSIVE;
				GCC_WARN_UNUSED_FUNCTION = YES;
				GCC_WARN_UNUSED_VARIABLE = YES;
				IPHONEOS_DEPLOYMENT_TARGET = 9.3;
				MTL_ENABLE_DEBUG_INFO = YES;
				ONLY_ACTIVE_ARCH = YES;
				SDKROOT = iphoneos;
			};
			name = Debug;
		};
		41150BFB1D8AEDE300B3FCAE /* Release */ = {
			isa = XCBuildConfiguration;
			buildSettings = {
				ALWAYS_SEARCH_USER_PATHS = NO;
				CLANG_ANALYZER_NONNULL = YES;
				CLANG_CXX_LANGUAGE_STANDARD = "gnu++0x";
				CLANG_CXX_LIBRARY = "libc++";
				CLANG_ENABLE_MODULES = YES;
				CLANG_ENABLE_OBJC_ARC = YES;
				CLANG_WARN_BOOL_CONVERSION = YES;
				CLANG_WARN_CONSTANT_CONVERSION = YES;
				CLANG_WARN_DIRECT_OBJC_ISA_USAGE = YES_ERROR;
				CLANG_WARN_EMPTY_BODY = YES;
				CLANG_WARN_ENUM_CONVERSION = YES;
				CLANG_WARN_INT_CONVERSION = YES;
				CLANG_WARN_OBJC_ROOT_CLASS = YES_ERROR;
				CLANG_WARN_UNREACHABLE_CODE = YES;
				CLANG_WARN__DUPLICATE_METHOD_MATCH = YES;
				"CODE_SIGN_IDENTITY[sdk=iphoneos*]" = "iPhone Developer";
				COPY_PHASE_STRIP = NO;
				DEBUG_INFORMATION_FORMAT = "dwarf-with-dsym";
				ENABLE_NS_ASSERTIONS = NO;
				ENABLE_STRICT_OBJC_MSGSEND = YES;
				GCC_C_LANGUAGE_STANDARD = gnu99;
				GCC_NO_COMMON_BLOCKS = YES;
				GCC_WARN_64_TO_32_BIT_CONVERSION = YES;
				GCC_WARN_ABOUT_RETURN_TYPE = YES_ERROR;
				GCC_WARN_UNDECLARED_SELECTOR = YES;
				GCC_WARN_UNINITIALIZED_AUTOS = YES_AGGRESSIVE;
				GCC_WARN_UNUSED_FUNCTION = YES;
				GCC_WARN_UNUSED_VARIABLE = YES;
				IPHONEOS_DEPLOYMENT_TARGET = 9.3;
				MTL_ENABLE_DEBUG_INFO = NO;
				SDKROOT = iphoneos;
				VALIDATE_PRODUCT = YES;
			};
			name = Release;
		};
		41150BFD1D8AEDE300B3FCAE /* Debug */ = {
			isa = XCBuildConfiguration;
			buildSettings = {
				ASSETCATALOG_COMPILER_APPICON_NAME = AppIcon;
				INFOPLIST_FILE = IndexDemo/Info.plist;
				LD_RUNPATH_SEARCH_PATHS = "$(inherited) @executable_path/Frameworks";
				PRODUCT_BUNDLE_IDENTIFIER = Chenxuhun.IndexDemo;
				PRODUCT_NAME = "$(TARGET_NAME)";
			};
			name = Debug;
		};
		41150BFE1D8AEDE300B3FCAE /* Release */ = {
			isa = XCBuildConfiguration;
			buildSettings = {
				ASSETCATALOG_COMPILER_APPICON_NAME = AppIcon;
				INFOPLIST_FILE = IndexDemo/Info.plist;
				LD_RUNPATH_SEARCH_PATHS = "$(inherited) @executable_path/Frameworks";
				PRODUCT_BUNDLE_IDENTIFIER = Chenxuhun.IndexDemo;
				PRODUCT_NAME = "$(TARGET_NAME)";
			};
			name = Release;
		};
		41150C001D8AEDE300B3FCAE /* Debug */ = {
			isa = XCBuildConfiguration;
			buildSettings = {
				BUNDLE_LOADER = "$(TEST_HOST)";
				INFOPLIST_FILE = IndexDemoTests/Info.plist;
				LD_RUNPATH_SEARCH_PATHS = "$(inherited) @executable_path/Frameworks @loader_path/Frameworks";
				PRODUCT_BUNDLE_IDENTIFIER = Chenxuhun.IndexDemoTests;
				PRODUCT_NAME = "$(TARGET_NAME)";
				TEST_HOST = "$(BUILT_PRODUCTS_DIR)/IndexDemo.app/IndexDemo";
			};
			name = Debug;
		};
		41150C011D8AEDE300B3FCAE /* Release */ = {
			isa = XCBuildConfiguration;
			buildSettings = {
				BUNDLE_LOADER = "$(TEST_HOST)";
				INFOPLIST_FILE = IndexDemoTests/Info.plist;
				LD_RUNPATH_SEARCH_PATHS = "$(inherited) @executable_path/Frameworks @loader_path/Frameworks";
				PRODUCT_BUNDLE_IDENTIFIER = Chenxuhun.IndexDemoTests;
				PRODUCT_NAME = "$(TARGET_NAME)";
				TEST_HOST = "$(BUILT_PRODUCTS_DIR)/IndexDemo.app/IndexDemo";
			};
			name = Release;
		};
		41150C031D8AEDE300B3FCAE /* Debug */ = {
			isa = XCBuildConfiguration;
			buildSettings = {
				INFOPLIST_FILE = IndexDemoUITests/Info.plist;
				LD_RUNPATH_SEARCH_PATHS = "$(inherited) @executable_path/Frameworks @loader_path/Frameworks";
				PRODUCT_BUNDLE_IDENTIFIER = Chenxuhun.IndexDemoUITests;
				PRODUCT_NAME = "$(TARGET_NAME)";
				TEST_TARGET_NAME = IndexDemo;
			};
			name = Debug;
		};
		41150C041D8AEDE300B3FCAE /* Release */ = {
			isa = XCBuildConfiguration;
			buildSettings = {
				INFOPLIST_FILE = IndexDemoUITests/Info.plist;
				LD_RUNPATH_SEARCH_PATHS = "$(inherited) @executable_path/Frameworks @loader_path/Frameworks";
				PRODUCT_BUNDLE_IDENTIFIER = Chenxuhun.IndexDemoUITests;
				PRODUCT_NAME = "$(TARGET_NAME)";
				TEST_TARGET_NAME = IndexDemo;
			};
			name = Release;
		};
/* End XCBuildConfiguration section */

/* Begin XCConfigurationList section */
		41150BCA1D8AEDE300B3FCAE /* Build configuration list for PBXProject "IndexDemo" */ = {
			isa = XCConfigurationList;
			buildConfigurations = (
				41150BFA1D8AEDE300B3FCAE /* Debug */,
				41150BFB1D8AEDE300B3FCAE /* Release */,
			);
			defaultConfigurationIsVisible = 0;
			defaultConfigurationName = Release;
		};
		41150BFC1D8AEDE300B3FCAE /* Build configuration list for PBXNativeTarget "IndexDemo" */ = {
			isa = XCConfigurationList;
			buildConfigurations = (
				41150BFD1D8AEDE300B3FCAE /* Debug */,
				41150BFE1D8AEDE300B3FCAE /* Release */,
			);
			defaultConfigurationIsVisible = 0;
		};
		41150BFF1D8AEDE300B3FCAE /* Build configuration list for PBXNativeTarget "IndexDemoTests" */ = {
			isa = XCConfigurationList;
			buildConfigurations = (
				41150C001D8AEDE300B3FCAE /* Debug */,
				41150C011D8AEDE300B3FCAE /* Release */,
			);
			defaultConfigurationIsVisible = 0;
		};
		41150C021D8AEDE300B3FCAE /* Build configuration list for PBXNativeTarget "IndexDemoUITests" */ = {
			isa = XCConfigurationList;
			buildConfigurations = (
				41150C031D8AEDE300B3FCAE /* Debug */,
				41150C041D8AEDE300B3FCAE /* Release */,
			);
			defaultConfigurationIsVisible = 0;
		};
/* End XCConfigurationList section */
	};
	rootObject = 41150BC71D8AEDE300B3FCAE /* Project object */;
}
